{
    "_readme": [
        "This file locks the dependencies of your project to a known state",
        "Read more about it at https://getcomposer.org/doc/01-basic-usage.md#installing-dependencies",
        "This file is @generated automatically"
    ],
    "content-hash": "d041bbbc6b447465df1c431c8d1bcaba",
    "packages": [
        {
            "name": "landscapeinstitute/my-landscapeinstitute-api-php",
            "version": "dev-master",
            "source": {
                "type": "git",
                "url": "https://github.com/landscapeInstitute/my-landscapeinstitute-api-php.git",
                "reference": "2e264dcc79ae16046f227d29d96fe2a3d8587fac"
            },
            "require": {
                "php": ">=5.6"
            },
            "type": "library",
            "autoload": {
                "files": [
                    "my-landscapeinstitute-api.php"
                ],
                "exclude-from-classmap": [
                    "/.git"
                ]
            },
            "authors": [
                {
                    "name": "Louis Varley",
                    "email": "louis.varley@landscapeinstitute.org",
                    "homepage": "https://www.landscapeinstitute.org"
                }
            ],
            "description": "myli-php. Libarary for using the MyLI API and oAuth2.0 Functionality",
            "homepage": "https://github.com/landscapeInstitute/my-landscapeinstitute-api-php",
            "time": "2019-07-31T17:02:15+00:00"
        }
    ],
    "packages-dev": [],
    "aliases": [],
    "minimum-stability": "stable",
    "stability-flags": {
        "landscapeinstitute/my-landscapeinstitute-api-php": 20
    },
    "prefer-stable": false,
    "prefer-lowest": false,
    "platform": [],
    "platform-dev": []
}
